
Microsoft Visual Studio Solution File, Format Version 12.00
# Visual Studio 15
VisualStudioVersion = 15.0.26124.0
MinimumVisualStudioVersion = 15.0.26124.0
Project("{FAE04EC0-301F-11D3-BF4B-00C04F79EFBC}") = "ProAgil.WebAPI", "ProAgil.WebAPI\ProAgil.WebAPI.csproj", "{614C52D7-1DBA-45BB-A48A-09FDFE634E83}"
EndProject
Project("{FAE04EC0-301F-11D3-BF4B-00C04F79EFBC}") = "ProAgil.Repository", "ProAgil.Repository\ProAgil.Repository.csproj", "{D889B88E-05B3-417A-BC05-4E6C35B8079C}"
EndProject
Project("{FAE04EC0-301F-11D3-BF4B-00C04F79EFBC}") = "ProAgil.Domain", "ProAgil.Domain\ProAgil.Domain.csproj", "{8AA424C0-1F11-416F-9F3A-F060442F4536}"
EndProject
Global
	GlobalSection(SolutionConfigurationPlatforms) = preSolution
		Debug|Any CPU = Debug|Any CPU
		Debug|x64 = Debug|x64
		Debug|x86 = Debug|x86
		Release|Any CPU = Release|Any CPU
		Release|x64 = Release|x64
		Release|x86 = Release|x86
	EndGlobalSection
	GlobalSection(SolutionProperties) = preSolution
		HideSolutionNode = FALSE
	EndGlobalSection
	GlobalSection(ProjectConfigurationPlatforms) = postSolution
		{614C52D7-1DBA-45BB-A48A-09FDFE634E83}.Debug|Any CPU.ActiveCfg = Debug|Any CPU
		{614C52D7-1DBA-45BB-A48A-09FDFE634E83}.Debug|Any CPU.Build.0 = Debug|Any CPU
		{614C52D7-1DBA-45BB-A48A-09FDFE634E83}.Debug|x64.ActiveCfg = Debug|Any CPU
		{614C52D7-1DBA-45BB-A48A-09FDFE634E83}.Debug|x64.Build.0 = Debug|Any CPU
		{614C52D7-1DBA-45BB-A48A-09FDFE634E83}.Debug|x86.ActiveCfg = Debug|Any CPU
		{614C52D7-1DBA-45BB-A48A-09FDFE634E83}.Debug|x86.Build.0 = Debug|Any CPU
		{614C52D7-1DBA-45BB-A48A-09FDFE634E83}.Release|Any CPU.ActiveCfg = Release|Any CPU
		{614C52D7-1DBA-45BB-A48A-09FDFE634E83}.Release|Any CPU.Build.0 = Release|Any CPU
		{614C52D7-1DBA-45BB-A48A-09FDFE634E83}.Release|x64.ActiveCfg = Release|Any CPU
		{614C52D7-1DBA-45BB-A48A-09FDFE634E83}.Release|x64.Build.0 = Release|Any CPU
		{614C52D7-1DBA-45BB-A48A-09FDFE634E83}.Release|x86.ActiveCfg = Release|Any CPU
		{614C52D7-1DBA-45BB-A48A-09FDFE634E83}.Release|x86.Build.0 = Release|Any CPU
		{D889B88E-05B3-417A-BC05-4E6C35B8079C}.Debug|Any CPU.ActiveCfg = Debug|Any CPU
		{D889B88E-05B3-417A-BC05-4E6C35B8079C}.Debug|Any CPU.Build.0 = Debug|Any CPU
		{D889B88E-05B3-417A-BC05-4E6C35B8079C}.Debug|x64.ActiveCfg = Debug|Any CPU
		{D889B88E-05B3-417A-BC05-4E6C35B8079C}.Debug|x64.Build.0 = Debug|Any CPU
		{D889B88E-05B3-417A-BC05-4E6C35B8079C}.Debug|x86.ActiveCfg = Debug|Any CPU
		{D889B88E-05B3-417A-BC05-4E6C35B8079C}.Debug|x86.Build.0 = Debug|Any CPU
		{D889B88E-05B3-417A-BC05-4E6C35B8079C}.Release|Any CPU.ActiveCfg = Release|Any CPU
		{D889B88E-05B3-417A-BC05-4E6C35B8079C}.Release|Any CPU.Build.0 = Release|Any CPU
		{D889B88E-05B3-417A-BC05-4E6C35B8079C}.Release|x64.ActiveCfg = Release|Any CPU
		{D889B88E-05B3-417A-BC05-4E6C35B8079C}.Release|x64.Build.0 = Release|Any CPU
		{D889B88E-05B3-417A-BC05-4E6C35B8079C}.Release|x86.ActiveCfg = Release|Any CPU
		{D889B88E-05B3-417A-BC05-4E6C35B8079C}.Release|x86.Build.0 = Release|Any CPU
		{8AA424C0-1F11-416F-9F3A-F060442F4536}.Debug|Any CPU.ActiveCfg = Debug|Any CPU
		{8AA424C0-1F11-416F-9F3A-F060442F4536}.Debug|Any CPU.Build.0 = Debug|Any CPU
		{8AA424C0-1F11-416F-9F3A-F060442F4536}.Debug|x64.ActiveCfg = Debug|Any CPU
		{8AA424C0-1F11-416F-9F3A-F060442F4536}.Debug|x64.Build.0 = Debug|Any CPU
		{8AA424C0-1F11-416F-9F3A-F060442F4536}.Debug|x86.ActiveCfg = Debug|Any CPU
		{8AA424C0-1F11-416F-9F3A-F060442F4536}.Debug|x86.Build.0 = Debug|Any CPU
		{8AA424C0-1F11-416F-9F3A-F060442F4536}.Release|Any CPU.ActiveCfg = Release|Any CPU
		{8AA424C0-1F11-416F-9F3A-F060442F4536}.Release|Any CPU.Build.0 = Release|Any CPU
		{8AA424C0-1F11-416F-9F3A-F060442F4536}.Release|x64.ActiveCfg = Release|Any CPU
		{8AA424C0-1F11-416F-9F3A-F060442F4536}.Release|x64.Build.0 = Release|Any CPU
		{8AA424C0-1F11-416F-9F3A-F060442F4536}.Release|x86.ActiveCfg = Release|Any CPU
		{8AA424C0-1F11-416F-9F3A-F060442F4536}.Release|x86.Build.0 = Release|Any CPU
	EndGlobalSection
EndGlobal
